
Microsoft Visual Studio Solution File, Format Version 12.00
# Visual Studio Version 17
VisualStudioVersion = 17.7.34221.43
MinimumVisualStudioVersion = 10.0.40219.1
Project("{9A19103F-16F7-4668-BE54-9A1E7A4F7556}") = "AMS.ApplicationCore", "AMS.ApplicationCore.csproj", "{C3226D28-7AEF-44EE-9F0E-DAF1F3344365}"
EndProject
Project("{9A19103F-16F7-4668-BE54-9A1E7A4F7556}") = "AMS.UI.Console", "..\AMS.UI.Console\AMS.UI.Console.csproj", "{06034E80-FE13-4792-9CBC-2E225ADC7EB0}"
EndProject
Project("{FAE04EC0-301F-11D3-BF4B-00C04F79EFBC}") = "AM.Infrastructure", "..\AM.Infrastructure\AM.Infrastructure.csproj", "{BB649E46-4A58-4369-AAEA-8F4B61B1260B}"
EndProject
Global
	GlobalSection(SolutionConfigurationPlatforms) = preSolution
		Debug|Any CPU = Debug|Any CPU
		Release|Any CPU = Release|Any CPU
	EndGlobalSection
	GlobalSection(ProjectConfigurationPlatforms) = postSolution
		{C3226D28-7AEF-44EE-9F0E-DAF1F3344365}.Debug|Any CPU.ActiveCfg = Debug|Any CPU
		{C3226D28-7AEF-44EE-9F0E-DAF1F3344365}.Debug|Any CPU.Build.0 = Debug|Any CPU
		{C3226D28-7AEF-44EE-9F0E-DAF1F3344365}.Release|Any CPU.ActiveCfg = Release|Any CPU
		{C3226D28-7AEF-44EE-9F0E-DAF1F3344365}.Release|Any CPU.Build.0 = Release|Any CPU
		{06034E80-FE13-4792-9CBC-2E225ADC7EB0}.Debug|Any CPU.ActiveCfg = Debug|Any CPU
		{06034E80-FE13-4792-9CBC-2E225ADC7EB0}.Debug|Any CPU.Build.0 = Debug|Any CPU
		{06034E80-FE13-4792-9CBC-2E225ADC7EB0}.Release|Any CPU.ActiveCfg = Release|Any CPU
		{06034E80-FE13-4792-9CBC-2E225ADC7EB0}.Release|Any CPU.Build.0 = Release|Any CPU
		{BB649E46-4A58-4369-AAEA-8F4B61B1260B}.Debug|Any CPU.ActiveCfg = Debug|Any CPU
		{BB649E46-4A58-4369-AAEA-8F4B61B1260B}.Debug|Any CPU.Build.0 = Debug|Any CPU
		{BB649E46-4A58-4369-AAEA-8F4B61B1260B}.Release|Any CPU.ActiveCfg = Release|Any CPU
		{BB649E46-4A58-4369-AAEA-8F4B61B1260B}.Release|Any CPU.Build.0 = Release|Any CPU
	EndGlobalSection
	GlobalSection(SolutionProperties) = preSolution
		HideSolutionNode = FALSE
	EndGlobalSection
	GlobalSection(ExtensibilityGlobals) = postSolution
		SolutionGuid = {16EBFE60-8A0C-44D2-A0FE-0736171F8E14}
	EndGlobalSection
EndGlobal
